# This file was autogenerated by Stack.
# You should not edit this file by hand.
# For more information, please see the documentation at:
#   https://docs.haskellstack.org/en/stable/lock_files

packages:
- completed:
    hackage: normaldistribution-1.1.0.3@sha256:2615b784c4112cbf6ffa0e2b55b76790290a9b9dff18a05d8c89aa374b213477,2160
    pantry-tree:
      size: 269
      sha256: 856818862d12df8b030fa9cfef2c4ffa604d06f0eb057498db245dfffcd60e3c
  original:
    hackage: normaldistribution-1.1.0.3
- completed:
    hackage: equational-reasoning-0.6.0.1@sha256:8a1422fb4a79f19d3e95e73f721aa764968e12768b5e2d2e2940e2db71d2e452,1737
    pantry-tree:
      size: 496
      sha256: 9ffa610397f60afd6f8843eaa4ab4b0b4fa69cdf26f6107990f07822b845a643
  original:
    hackage: equational-reasoning-0.6.0.1
- completed:
    hackage: ghc-typelits-presburger-0.3.0.0@sha256:a4c24ce3ed2bc46f91e5dd544429fc9caa42da5c3effbc09b2e4e064d325004e,2724
    pantry-tree:
      size: 528
      sha256: 20fecd68ff0be5884bf8bf5b8cfd52eb6be9d6f197c5735294e6079803a4263e
  original:
    hackage: ghc-typelits-presburger-0.3.0.0
- completed:
    hackage: ghc-tcplugins-extra-0.3.2@sha256:1bbfd4449c3669a31618ea0ebc5d00d980a53988daad3b6218bab5c8cdff268d,1687
    pantry-tree:
      size: 331
      sha256: 4b16989344380c912e476dc232cc58264837b498e31a8bf16a17092ba6c1cfb9
  original:
    hackage: ghc-tcplugins-extra-0.3.2
- completed:
    hackage: singletons-presburger-0.3.0.0@sha256:f39ad9cbc1d2aea4f0e8e007be1a3cf7ec0d6ae8640c174d95ad36582f46c9c1,2180
    pantry-tree:
      size: 313
      sha256: e07fa0fd0620162dc0311e6fd6c1fa9f5244553f1a17bed8bbfa0fd056ad97d7
  original:
    hackage: singletons-presburger-0.3.0.0
- completed:
    hackage: repa-3.4.1.4@sha256:5c836bc314ea04ac284d21117b361eb95829d793e8f82508535aa0ca04911d9e,3315
    pantry-tree:
      size: 2965
      sha256: 658dece8ff797a9ff0940ad812b966e0a93c3e4442f73c27b96d615106db7db8
  original:
    hackage: repa-3.4.1.4
- completed:
    cabal-file:
      size: 1748
      sha256: f40be9590a074cee00cb4608e1765115071e5959e937cb62dd622392a95e32e2
    name: repa-linear-algebra
    version: 0.3.0.0
    git: https://github.com/Haskell-mouse/repa-linear-algebra
    pantry-tree:
      size: 557
      sha256: ea6692abc2b2867f005608b0908a7366238b36443517558067568d40e2de7d16
    commit: eb6b72d5bda998e6e39c16888ca2a771a60b702d
  original:
    git: https://github.com/Haskell-mouse/repa-linear-algebra
    commit: eb6b72d5bda998e6e39c16888ca2a771a60b702d
- completed:
    hackage: vinyl-0.12.0@sha256:6136e2608c2c4be0c112944fb0f5a6a0df56b50adec12eb1b7240258abfcf9b1,3790
    pantry-tree:
      size: 1857
      sha256: aeb9e0e1a3bbe2b1f048a096430d240964a31c6936a1da89f4b32e931eba9d69
  original:
    hackage: vinyl-0.12.0
- completed:
    hackage: repa-algorithms-3.4.1.3@sha256:d549d0d0d9534be7e89b1e995d1eaaf8cb97a450c033b4424d8ae192ac0e6b53,1955
    pantry-tree:
      size: 938
      sha256: 48f85b02ef4ff33c690f1d78b2ce86685f8112e70ef7500e01adae2a1097c1aa
  original:
    hackage: repa-algorithms-3.4.1.3
- completed:
    cabal-file:
      size: 2943
      sha256: 6ab111925f8cb2a2a48149c89f0562f2000b980ade28cc8e6c637586a38df457
    name: type-natural
    version: 0.8.3.1
    git: https://github.com/Haskell-mouse/type-natural
    pantry-tree:
      size: 1941
      sha256: 261485229c06451cc088e43275ada22e5b7cbe8971a187c6eff718eb2ead352a
    commit: af96bcf869e3b852da113ca3748c6c81246fb32d
  original:
    git: https://github.com/Haskell-mouse/type-natural
    commit: af96bcf869e3b852da113ca3748c6c81246fb32d
- completed:
    hackage: hmatrix-0.20.0.0@sha256:d79a9218e314f1a2344457c3851bd1d2536518ecb5f1a2fcd81daa45e46cd025,4870
    pantry-tree:
      size: 2228
      sha256: e6b3ee22ab46ba9283bc4e8e709aea19bb6a3e8ba6492fb3f42befa6548f48ca
  original:
    hackage: hmatrix-0.20.0.0
snapshots:
- completed:
    size: 471739
    url: https://raw.githubusercontent.com/commercialhaskell/stackage-snapshots/master/nightly/2020/1/31.yaml
    sha256: 33d27fc35a58c51d7a8873c8538e64053560031210613cb218232f398c266f82
  original: nightly-2020-01-31
